
Microsoft Visual Studio Solution File, Format Version 12.00
# Visual Studio Version 17
VisualStudioVersion = 17.5.33530.505
MinimumVisualStudioVersion = 10.0.40219.1
Project("{FAE04EC0-301F-11D3-BF4B-00C04F79EFBC}") = "DontLetGo.Core", "DontLetGo.Core\DontLetGo.Core.csproj", "{67F08793-CAA3-4732-840C-4CDF949C009D}"
EndProject
Global
	GlobalSection(SolutionConfigurationPlatforms) = preSolution
		Debug|Any CPU = Debug|Any CPU
		Release|Any CPU = Release|Any CPU
	EndGlobalSection
	GlobalSection(ProjectConfigurationPlatforms) = postSolution
		{67F08793-CAA3-4732-840C-4CDF949C009D}.Debug|Any CPU.ActiveCfg = Debug|Any CPU
		{67F08793-CAA3-4732-840C-4CDF949C009D}.Debug|Any CPU.Build.0 = Debug|Any CPU
		{67F08793-CAA3-4732-840C-4CDF949C009D}.Release|Any CPU.ActiveCfg = Release|Any CPU
		{67F08793-CAA3-4732-840C-4CDF949C009D}.Release|Any CPU.Build.0 = Release|Any CPU
	EndGlobalSection
	GlobalSection(SolutionProperties) = preSolution
		HideSolutionNode = FALSE
	EndGlobalSection
	GlobalSection(ExtensibilityGlobals) = postSolution
		SolutionGuid = {F66E596C-C42E-4090-8DC4-8759133A10C9}
	EndGlobalSection
EndGlobal
